
Microsoft Visual Studio Solution File, Format Version 12.00
# Visual Studio Version 17
VisualStudioVersion = 17.14.37531.7 d17.14
MinimumVisualStudioVersion = 10.0.40219.1
Project("{FAE04EC0-301F-11D3-BF4B-00C04F79EFBC}") = "Seznamy", "Seznamy\Seznamy.csproj", "{C98173BA-E291-45B4-9C2A-8B43AE140383}"
EndProject
Global
	GlobalSection(SolutionConfigurationPlatforms) = preSolution
		Debug|Any CPU = Debug|Any CPU
		Release|Any CPU = Release|Any CPU
	EndGlobalSection
	GlobalSection(ProjectConfigurationPlatforms) = postSolution
		{C98173BA-E291-45B4-9C2A-8B43AE140383}.Debug|Any CPU.ActiveCfg = Debug|Any CPU
		{C98173BA-E291-45B4-9C2A-8B43AE140383}.Debug|Any CPU.Build.0 = Debug|Any CPU
		{C98173BA-E291-45B4-9C2A-8B43AE140383}.Release|Any CPU.ActiveCfg = Release|Any CPU
		{C98173BA-E291-45B4-9C2A-8B43AE140383}.Release|Any CPU.Build.0 = Release|Any CPU
	EndGlobalSection
	GlobalSection(SolutionProperties) = preSolution
		HideSolutionNode = FALSE
	EndGlobalSection
	GlobalSection(ExtensibilityGlobals) = postSolution
		SolutionGuid = {BAA6BE94-7078-411E-B404-A53FBE389914}
	EndGlobalSection
EndGlobal
